
Microsoft Visual Studio Solution File, Format Version 12.00
Project("{FAE04EC0-301F-11D3-BF4B-00C04F79EFBC}") = "Dentist.Core", "Dentist.Core\Dentist.Core.csproj", "{588C21F7-9B9E-461D-AFA6-CC5FC8E9F78A}"
EndProject
Project("{FAE04EC0-301F-11D3-BF4B-00C04F79EFBC}") = "Dentist.DAL", "Dentist.DAL\Dentist.DAL.csproj", "{C599D20B-82F0-4CE5-B22E-AFB87253E7FA}"
EndProject
Project("{FAE04EC0-301F-11D3-BF4B-00C04F79EFBC}") = "Dentist.BL", "Dentist.BL\Dentist.BL.csproj", "{8503DFFC-73B3-454C-B3E8-C8868ACA426D}"
EndProject
Project("{FAE04EC0-301F-11D3-BF4B-00C04F79EFBC}") = "Dentist.API", "Dentist.API\Dentist.API.csproj", "{1313C35E-1A73-4A6A-BD99-BAE14E811F4D}"
EndProject
Global
	GlobalSection(SolutionConfigurationPlatforms) = preSolution
		Debug|Any CPU = Debug|Any CPU
		Release|Any CPU = Release|Any CPU
	EndGlobalSection
	GlobalSection(ProjectConfigurationPlatforms) = postSolution
		{588C21F7-9B9E-461D-AFA6-CC5FC8E9F78A}.Debug|Any CPU.ActiveCfg = Debug|Any CPU
		{588C21F7-9B9E-461D-AFA6-CC5FC8E9F78A}.Debug|Any CPU.Build.0 = Debug|Any CPU
		{588C21F7-9B9E-461D-AFA6-CC5FC8E9F78A}.Release|Any CPU.ActiveCfg = Release|Any CPU
		{588C21F7-9B9E-461D-AFA6-CC5FC8E9F78A}.Release|Any CPU.Build.0 = Release|Any CPU
		{C599D20B-82F0-4CE5-B22E-AFB87253E7FA}.Debug|Any CPU.ActiveCfg = Debug|Any CPU
		{C599D20B-82F0-4CE5-B22E-AFB87253E7FA}.Debug|Any CPU.Build.0 = Debug|Any CPU
		{C599D20B-82F0-4CE5-B22E-AFB87253E7FA}.Release|Any CPU.ActiveCfg = Release|Any CPU
		{C599D20B-82F0-4CE5-B22E-AFB87253E7FA}.Release|Any CPU.Build.0 = Release|Any CPU
		{8503DFFC-73B3-454C-B3E8-C8868ACA426D}.Debug|Any CPU.ActiveCfg = Debug|Any CPU
		{8503DFFC-73B3-454C-B3E8-C8868ACA426D}.Debug|Any CPU.Build.0 = Debug|Any CPU
		{8503DFFC-73B3-454C-B3E8-C8868ACA426D}.Release|Any CPU.ActiveCfg = Release|Any CPU
		{8503DFFC-73B3-454C-B3E8-C8868ACA426D}.Release|Any CPU.Build.0 = Release|Any CPU
		{1313C35E-1A73-4A6A-BD99-BAE14E811F4D}.Debug|Any CPU.ActiveCfg = Debug|Any CPU
		{1313C35E-1A73-4A6A-BD99-BAE14E811F4D}.Debug|Any CPU.Build.0 = Debug|Any CPU
		{1313C35E-1A73-4A6A-BD99-BAE14E811F4D}.Release|Any CPU.ActiveCfg = Release|Any CPU
		{1313C35E-1A73-4A6A-BD99-BAE14E811F4D}.Release|Any CPU.Build.0 = Release|Any CPU
	EndGlobalSection
EndGlobal
